
Microsoft Visual Studio Solution File, Format Version 12.00
# Visual Studio Version 16
VisualStudioVersion = 16.0.32802.440
MinimumVisualStudioVersion = 10.0.40219.1
Project("{8BC9CEB8-8B4A-11D0-8D11-00A0C91BC942}") = "aio", "..\aio\aio.vcxproj", "{595F1D41-D217-490B-BCF0-C84E2516C49C}"
	ProjectSection(ProjectDependencies) = postProject
		{609598FD-FB7F-467F-B4A3-C17DD9F5AE4D} = {609598FD-FB7F-467F-B4A3-C17DD9F5AE4D}
	EndProjectSection
EndProject
Project("{8BC9CEB8-8B4A-11D0-8D11-00A0C91BC942}") = "arb", "..\arb\arb.vcxproj", "{C3FFCA5C-F200-4D64-93FC-55057AF0E9A1}"
	ProjectSection(ProjectDependencies) = postProject
		{24F32645-C998-4B4C-8AF7-ADC1A977C55C} = {24F32645-C998-4B4C-8AF7-ADC1A977C55C}
		{34CBBFF6-FD51-441E-8BB3-D09DFFE1B558} = {34CBBFF6-FD51-441E-8BB3-D09DFFE1B558}
		{609598FD-FB7F-467F-B4A3-C17DD9F5AE4D} = {609598FD-FB7F-467F-B4A3-C17DD9F5AE4D}
	EndProjectSection
EndProject
Project("{8BC9CEB8-8B4A-11D0-8D11-00A0C91BC942}") = "bpc", "..\bpc\bpc.vcxproj", "{2A5F1A10-F543-47FF-9E34-1CF5E4AE16B3}"
	ProjectSection(ProjectDependencies) = postProject
		{24F32645-C998-4B4C-8AF7-ADC1A977C55C} = {24F32645-C998-4B4C-8AF7-ADC1A977C55C}
		{2ABE20C0-C101-496D-85F7-6E171978A5CF} = {2ABE20C0-C101-496D-85F7-6E171978A5CF}
		{34CBBFF6-FD51-441E-8BB3-D09DFFE1B558} = {34CBBFF6-FD51-441E-8BB3-D09DFFE1B558}
		{609598FD-FB7F-467F-B4A3-C17DD9F5AE4D} = {609598FD-FB7F-467F-B4A3-C17DD9F5AE4D}
	EndProjectSection
EndProject
Project("{8BC9CEB8-8B4A-11D0-8D11-00A0C91BC942}") = "bpu", "..\bpu\bpu.vcxproj", "{47C1ACDC-02BD-4A82-BB57-9C3E98AD184E}"
	ProjectSection(ProjectDependencies) = postProject
		{2ABE20C0-C101-496D-85F7-6E171978A5CF} = {2ABE20C0-C101-496D-85F7-6E171978A5CF}
		{609C0ECC-08CE-498C-8991-0876F5297596} = {609C0ECC-08CE-498C-8991-0876F5297596}
		{609598FD-FB7F-467F-B4A3-C17DD9F5AE4D} = {609598FD-FB7F-467F-B4A3-C17DD9F5AE4D}
	EndProjectSection
EndProject
Project("{8BC9CEB8-8B4A-11D0-8D11-00A0C91BC942}") = "bumodule", "..\bumodule\bumodule.vcxproj", "{2ABE20C0-C101-496D-85F7-6E171978A5CF}"
	ProjectSection(ProjectDependencies) = postProject
		{609598FD-FB7F-467F-B4A3-C17DD9F5AE4D} = {609598FD-FB7F-467F-B4A3-C17DD9F5AE4D}
	EndProjectSection
EndProject
Project("{8BC9CEB8-8B4A-11D0-8D11-00A0C91BC942}") = "cgate", "..\cgate\cgate.vcxproj", "{959F3191-F776-4B2E-8756-9856795924C6}"
	ProjectSection(ProjectDependencies) = postProject
		{595F1D41-D217-490B-BCF0-C84E2516C49C} = {595F1D41-D217-490B-BCF0-C84E2516C49C}
		{24F32645-C998-4B4C-8AF7-ADC1A977C55C} = {24F32645-C998-4B4C-8AF7-ADC1A977C55C}
		{34CBBFF6-FD51-441E-8BB3-D09DFFE1B558} = {34CBBFF6-FD51-441E-8BB3-D09DFFE1B558}
	EndProjectSection
EndProject
Project("{8BC9CEB8-8B4A-11D0-8D11-00A0C91BC942}") = "cgateapi", "..\cgateapi\cgateapi.vcxproj", "{CADB69D9-35EB-4C3D-B104-4B30C8B00B6A}"
	ProjectSection(ProjectDependencies) = postProject
		{24F32645-C998-4B4C-8AF7-ADC1A977C55C} = {24F32645-C998-4B4C-8AF7-ADC1A977C55C}
		{609598FD-FB7F-467F-B4A3-C17DD9F5AE4D} = {609598FD-FB7F-467F-B4A3-C17DD9F5AE4D}
	EndProjectSection
EndProject
Project("{8BC9CEB8-8B4A-11D0-8D11-00A0C91BC942}") = "dbapi", "..\dbapi\dbapi.vcxproj", "{609C0ECC-08CE-498C-8991-0876F5297596}"
EndProject
Project("{8BC9CEB8-8B4A-11D0-8D11-00A0C91BC942}") = "dbpub", "..\dbpub\dbpub.vcxproj", "{24F32645-C998-4B4C-8AF7-ADC1A977C55C}"
	ProjectSection(ProjectDependencies) = postProject
		{609598FD-FB7F-467F-B4A3-C17DD9F5AE4D} = {609598FD-FB7F-467F-B4A3-C17DD9F5AE4D}
	EndProjectSection
EndProject
Project("{8BC9CEB8-8B4A-11D0-8D11-00A0C91BC942}") = "dreb", "..\dreb\dreb.vcxproj", "{59DD7301-D91C-49B2-8744-BDAF32F38E08}"
	ProjectSection(ProjectDependencies) = postProject
		{24F32645-C998-4B4C-8AF7-ADC1A977C55C} = {24F32645-C998-4B4C-8AF7-ADC1A977C55C}
		{609598FD-FB7F-467F-B4A3-C17DD9F5AE4D} = {609598FD-FB7F-467F-B4A3-C17DD9F5AE4D}
	EndProjectSection
EndProject
Project("{8BC9CEB8-8B4A-11D0-8D11-00A0C91BC942}") = "drebapi", "..\drebapi\drebapi.vcxproj", "{34CBBFF6-FD51-441E-8BB3-D09DFFE1B558}"
	ProjectSection(ProjectDependencies) = postProject
		{24F32645-C998-4B4C-8AF7-ADC1A977C55C} = {24F32645-C998-4B4C-8AF7-ADC1A977C55C}
		{609598FD-FB7F-467F-B4A3-C17DD9F5AE4D} = {609598FD-FB7F-467F-B4A3-C17DD9F5AE4D}
	EndProjectSection
EndProject
Project("{8BC9CEB8-8B4A-11D0-8D11-00A0C91BC942}") = "fpc", "..\fpc\fpc.vcxproj", "{CF325346-155D-41A0-946B-943FEE57D2D3}"
	ProjectSection(ProjectDependencies) = postProject
		{609598FD-FB7F-467F-B4A3-C17DD9F5AE4D} = {609598FD-FB7F-467F-B4A3-C17DD9F5AE4D}
	EndProjectSection
EndProject
Project("{8BC9CEB8-8B4A-11D0-8D11-00A0C91BC942}") = "fpu", "..\fpu\fpu.vcxproj", "{192656C4-3ACE-48BE-89A3-5EB1ADF35131}"
	ProjectSection(ProjectDependencies) = postProject
		{2ABE20C0-C101-496D-85F7-6E171978A5CF} = {2ABE20C0-C101-496D-85F7-6E171978A5CF}
		{609598FD-FB7F-467F-B4A3-C17DD9F5AE4D} = {609598FD-FB7F-467F-B4A3-C17DD9F5AE4D}
	EndProjectSection
EndProject
Project("{8BC9CEB8-8B4A-11D0-8D11-00A0C91BC942}") = "bf_kernel", "..\kernel\bf_kernel.vcxproj", "{609598FD-FB7F-467F-B4A3-C17DD9F5AE4D}"
EndProject
Project("{8BC9CEB8-8B4A-11D0-8D11-00A0C91BC942}") = "xdp", "..\xdp\xdp.vcxproj", "{F20AD97F-FC64-45A7-8CAE-E3883431E58A}"
	ProjectSection(ProjectDependencies) = postProject
		{609598FD-FB7F-467F-B4A3-C17DD9F5AE4D} = {609598FD-FB7F-467F-B4A3-C17DD9F5AE4D}
	EndProjectSection
EndProject
Project("{8BC9CEB8-8B4A-11D0-8D11-00A0C91BC942}") = "xml", "..\xml\xml.vcxproj", "{BBE246D9-7F88-401A-B42A-E77AEACBF719}"
	ProjectSection(ProjectDependencies) = postProject
		{609598FD-FB7F-467F-B4A3-C17DD9F5AE4D} = {609598FD-FB7F-467F-B4A3-C17DD9F5AE4D}
	EndProjectSection
EndProject
Project("{8BC9CEB8-8B4A-11D0-8D11-00A0C91BC942}") = "bfgw", "..\..\..\tools\bfgw\bfgw.vcxproj", "{770D5C8D-9758-4F60-94FF-C5336B384765}"
	ProjectSection(ProjectDependencies) = postProject
		{609598FD-FB7F-467F-B4A3-C17DD9F5AE4D} = {609598FD-FB7F-467F-B4A3-C17DD9F5AE4D}
	EndProjectSection
EndProject
Project("{8BC9CEB8-8B4A-11D0-8D11-00A0C91BC942}") = "monitor", "..\..\..\tools\daemon\monitor.vcxproj", "{E4C459DF-D7C0-4D9D-966F-2ACBDA7D12BC}"
	ProjectSection(ProjectDependencies) = postProject
		{609598FD-FB7F-467F-B4A3-C17DD9F5AE4D} = {609598FD-FB7F-467F-B4A3-C17DD9F5AE4D}
	EndProjectSection
EndProject
Project("{8BC9CEB8-8B4A-11D0-8D11-00A0C91BC942}") = "GTP", "..\..\..\tools\GTP\GTP.vcxproj", "{0C8BA26C-AF00-4CD8-808D-FFB33601E6D9}"
	ProjectSection(ProjectDependencies) = postProject
		{609598FD-FB7F-467F-B4A3-C17DD9F5AE4D} = {609598FD-FB7F-467F-B4A3-C17DD9F5AE4D}
	EndProjectSection
EndProject
Project("{8BC9CEB8-8B4A-11D0-8D11-00A0C91BC942}") = "kvdata", "..\..\..\tools\kvdata\kvdata.vcxproj", "{F8A7DD0B-145E-48A0-9C9A-E49CA3F160DA}"
	ProjectSection(ProjectDependencies) = postProject
		{609598FD-FB7F-467F-B4A3-C17DD9F5AE4D} = {609598FD-FB7F-467F-B4A3-C17DD9F5AE4D}
	EndProjectSection
EndProject
Project("{8BC9CEB8-8B4A-11D0-8D11-00A0C91BC942}") = "MoniSvr", "..\..\..\tools\monisvr\MoniSvr.vcxproj", "{B1029219-71BD-4729-953D-02E6EAA194CA}"
	ProjectSection(ProjectDependencies) = postProject
		{2ABE20C0-C101-496D-85F7-6E171978A5CF} = {2ABE20C0-C101-496D-85F7-6E171978A5CF}
		{609C0ECC-08CE-498C-8991-0876F5297596} = {609C0ECC-08CE-498C-8991-0876F5297596}
		{609598FD-FB7F-467F-B4A3-C17DD9F5AE4D} = {609598FD-FB7F-467F-B4A3-C17DD9F5AE4D}
	EndProjectSection
EndProject
Project("{8BC9CEB8-8B4A-11D0-8D11-00A0C91BC942}") = "drebgate", "..\drebgate\drebgate.vcxproj", "{CD89E7E2-85C8-4472-B131-372C3A34DB2F}"
	ProjectSection(ProjectDependencies) = postProject
		{34CBBFF6-FD51-441E-8BB3-D09DFFE1B558} = {34CBBFF6-FD51-441E-8BB3-D09DFFE1B558}
		{609598FD-FB7F-467F-B4A3-C17DD9F5AE4D} = {609598FD-FB7F-467F-B4A3-C17DD9F5AE4D}
	EndProjectSection
EndProject
Project("{8BC9CEB8-8B4A-11D0-8D11-00A0C91BC942}") = "dptool", "..\dptool\dptool.vcxproj", "{FE5222ED-F826-403B-9062-F579125E0EE9}"
	ProjectSection(ProjectDependencies) = postProject
		{BBE246D9-7F88-401A-B42A-E77AEACBF719} = {BBE246D9-7F88-401A-B42A-E77AEACBF719}
		{609598FD-FB7F-467F-B4A3-C17DD9F5AE4D} = {609598FD-FB7F-467F-B4A3-C17DD9F5AE4D}
	EndProjectSection
EndProject
Global
	GlobalSection(SolutionConfigurationPlatforms) = preSolution
		Debug|ARM = Debug|ARM
		Debug|ARM64 = Debug|ARM64
		Debug|x64 = Debug|x64
		Debug|x86 = Debug|x86
		Release|ARM = Release|ARM
		Release|ARM64 = Release|ARM64
		Release|x64 = Release|x64
		Release|x86 = Release|x86
		Template|ARM = Template|ARM
		Template|ARM64 = Template|ARM64
		Template|x64 = Template|x64
		Template|x86 = Template|x86
	EndGlobalSection
	GlobalSection(ProjectConfigurationPlatforms) = postSolution
		{595F1D41-D217-490B-BCF0-C84E2516C49C}.Debug|ARM.ActiveCfg = Debug|Win32
		{595F1D41-D217-490B-BCF0-C84E2516C49C}.Debug|ARM64.ActiveCfg = Debug|Win32
		{595F1D41-D217-490B-BCF0-C84E2516C49C}.Debug|x64.ActiveCfg = Debug|x64
		{595F1D41-D217-490B-BCF0-C84E2516C49C}.Debug|x64.Build.0 = Debug|x64
		{595F1D41-D217-490B-BCF0-C84E2516C49C}.Debug|x86.ActiveCfg = Debug|Win32
		{595F1D41-D217-490B-BCF0-C84E2516C49C}.Debug|x86.Build.0 = Debug|Win32
		{595F1D41-D217-490B-BCF0-C84E2516C49C}.Release|ARM.ActiveCfg = Release|Win32
		{595F1D41-D217-490B-BCF0-C84E2516C49C}.Release|ARM64.ActiveCfg = Release|Win32
		{595F1D41-D217-490B-BCF0-C84E2516C49C}.Release|x64.ActiveCfg = Release|x64
		{595F1D41-D217-490B-BCF0-C84E2516C49C}.Release|x64.Build.0 = Release|x64
		{595F1D41-D217-490B-BCF0-C84E2516C49C}.Release|x86.ActiveCfg = Release|Win32
		{595F1D41-D217-490B-BCF0-C84E2516C49C}.Release|x86.Build.0 = Release|Win32
		{595F1D41-D217-490B-BCF0-C84E2516C49C}.Template|ARM.ActiveCfg = Release|x64
		{595F1D41-D217-490B-BCF0-C84E2516C49C}.Template|ARM.Build.0 = Release|x64
		{595F1D41-D217-490B-BCF0-C84E2516C49C}.Template|ARM64.ActiveCfg = Release|x64
		{595F1D41-D217-490B-BCF0-C84E2516C49C}.Template|ARM64.Build.0 = Release|x64
		{595F1D41-D217-490B-BCF0-C84E2516C49C}.Template|x64.ActiveCfg = Release|x64
		{595F1D41-D217-490B-BCF0-C84E2516C49C}.Template|x64.Build.0 = Release|x64
		{595F1D41-D217-490B-BCF0-C84E2516C49C}.Template|x86.ActiveCfg = Release|Win32
		{595F1D41-D217-490B-BCF0-C84E2516C49C}.Template|x86.Build.0 = Release|Win32
		{C3FFCA5C-F200-4D64-93FC-55057AF0E9A1}.Debug|ARM.ActiveCfg = Debug|Win32
		{C3FFCA5C-F200-4D64-93FC-55057AF0E9A1}.Debug|ARM64.ActiveCfg = Debug|Win32
		{C3FFCA5C-F200-4D64-93FC-55057AF0E9A1}.Debug|x64.ActiveCfg = Debug|x64
		{C3FFCA5C-F200-4D64-93FC-55057AF0E9A1}.Debug|x64.Build.0 = Debug|x64
		{C3FFCA5C-F200-4D64-93FC-55057AF0E9A1}.Debug|x86.ActiveCfg = Debug|Win32
		{C3FFCA5C-F200-4D64-93FC-55057AF0E9A1}.Debug|x86.Build.0 = Debug|Win32
		{C3FFCA5C-F200-4D64-93FC-55057AF0E9A1}.Release|ARM.ActiveCfg = Release|Win32
		{C3FFCA5C-F200-4D64-93FC-55057AF0E9A1}.Release|ARM64.ActiveCfg = Release|Win32
		{C3FFCA5C-F200-4D64-93FC-55057AF0E9A1}.Release|x64.ActiveCfg = Release|x64
		{C3FFCA5C-F200-4D64-93FC-55057AF0E9A1}.Release|x64.Build.0 = Release|x64
		{C3FFCA5C-F200-4D64-93FC-55057AF0E9A1}.Release|x86.ActiveCfg = Release|Win32
		{C3FFCA5C-F200-4D64-93FC-55057AF0E9A1}.Release|x86.Build.0 = Release|Win32
		{C3FFCA5C-F200-4D64-93FC-55057AF0E9A1}.Template|ARM.ActiveCfg = Release|x64
		{C3FFCA5C-F200-4D64-93FC-55057AF0E9A1}.Template|ARM.Build.0 = Release|x64
		{C3FFCA5C-F200-4D64-93FC-55057AF0E9A1}.Template|ARM64.ActiveCfg = Release|x64
		{C3FFCA5C-F200-4D64-93FC-55057AF0E9A1}.Template|ARM64.Build.0 = Release|x64
		{C3FFCA5C-F200-4D64-93FC-55057AF0E9A1}.Template|x64.ActiveCfg = Release|x64
		{C3FFCA5C-F200-4D64-93FC-55057AF0E9A1}.Template|x64.Build.0 = Release|x64
		{C3FFCA5C-F200-4D64-93FC-55057AF0E9A1}.Template|x86.ActiveCfg = Release|Win32
		{C3FFCA5C-F200-4D64-93FC-55057AF0E9A1}.Template|x86.Build.0 = Release|Win32
		{2A5F1A10-F543-47FF-9E34-1CF5E4AE16B3}.Debug|ARM.ActiveCfg = Debug|Win32
		{2A5F1A10-F543-47FF-9E34-1CF5E4AE16B3}.Debug|ARM64.ActiveCfg = Debug|Win32
		{2A5F1A10-F543-47FF-9E34-1CF5E4AE16B3}.Debug|x64.ActiveCfg = Debug|x64
		{2A5F1A10-F543-47FF-9E34-1CF5E4AE16B3}.Debug|x64.Build.0 = Debug|x64
		{2A5F1A10-F543-47FF-9E34-1CF5E4AE16B3}.Debug|x86.ActiveCfg = Debug|Win32
		{2A5F1A10-F543-47FF-9E34-1CF5E4AE16B3}.Debug|x86.Build.0 = Debug|Win32
		{2A5F1A10-F543-47FF-9E34-1CF5E4AE16B3}.Release|ARM.ActiveCfg = Release|Win32
		{2A5F1A10-F543-47FF-9E34-1CF5E4AE16B3}.Release|ARM64.ActiveCfg = Release|Win32
		{2A5F1A10-F543-47FF-9E34-1CF5E4AE16B3}.Release|x64.ActiveCfg = Release|x64
		{2A5F1A10-F543-47FF-9E34-1CF5E4AE16B3}.Release|x64.Build.0 = Release|x64
		{2A5F1A10-F543-47FF-9E34-1CF5E4AE16B3}.Release|x86.ActiveCfg = Release|Win32
		{2A5F1A10-F543-47FF-9E34-1CF5E4AE16B3}.Release|x86.Build.0 = Release|Win32
		{2A5F1A10-F543-47FF-9E34-1CF5E4AE16B3}.Template|ARM.ActiveCfg = Release|x64
		{2A5F1A10-F543-47FF-9E34-1CF5E4AE16B3}.Template|ARM.Build.0 = Release|x64
		{2A5F1A10-F543-47FF-9E34-1CF5E4AE16B3}.Template|ARM64.ActiveCfg = Release|x64
		{2A5F1A10-F543-47FF-9E34-1CF5E4AE16B3}.Template|ARM64.Build.0 = Release|x64
		{2A5F1A10-F543-47FF-9E34-1CF5E4AE16B3}.Template|x64.ActiveCfg = Release|x64
		{2A5F1A10-F543-47FF-9E34-1CF5E4AE16B3}.Template|x64.Build.0 = Release|x64
		{2A5F1A10-F543-47FF-9E34-1CF5E4AE16B3}.Template|x86.ActiveCfg = Release|Win32
		{2A5F1A10-F543-47FF-9E34-1CF5E4AE16B3}.Template|x86.Build.0 = Release|Win32
		{47C1ACDC-02BD-4A82-BB57-9C3E98AD184E}.Debug|ARM.ActiveCfg = Debug|Win32
		{47C1ACDC-02BD-4A82-BB57-9C3E98AD184E}.Debug|ARM64.ActiveCfg = Debug|Win32
		{47C1ACDC-02BD-4A82-BB57-9C3E98AD184E}.Debug|x64.ActiveCfg = Debug|x64
		{47C1ACDC-02BD-4A82-BB57-9C3E98AD184E}.Debug|x64.Build.0 = Debug|x64
		{47C1ACDC-02BD-4A82-BB57-9C3E98AD184E}.Debug|x86.ActiveCfg = Debug|Win32
		{47C1ACDC-02BD-4A82-BB57-9C3E98AD184E}.Debug|x86.Build.0 = Debug|Win32
		{47C1ACDC-02BD-4A82-BB57-9C3E98AD184E}.Release|ARM.ActiveCfg = Release|Win32
		{47C1ACDC-02BD-4A82-BB57-9C3E98AD184E}.Release|ARM64.ActiveCfg = Release|Win32
		{47C1ACDC-02BD-4A82-BB57-9C3E98AD184E}.Release|x64.ActiveCfg = Release|x64
		{47C1ACDC-02BD-4A82-BB57-9C3E98AD184E}.Release|x64.Build.0 = Release|x64
		{47C1ACDC-02BD-4A82-BB57-9C3E98AD184E}.Release|x86.ActiveCfg = Release|Win32
		{47C1ACDC-02BD-4A82-BB57-9C3E98AD184E}.Release|x86.Build.0 = Release|Win32
		{47C1ACDC-02BD-4A82-BB57-9C3E98AD184E}.Template|ARM.ActiveCfg = Release|x64
		{47C1ACDC-02BD-4A82-BB57-9C3E98AD184E}.Template|ARM.Build.0 = Release|x64
		{47C1ACDC-02BD-4A82-BB57-9C3E98AD184E}.Template|ARM64.ActiveCfg = Release|x64
		{47C1ACDC-02BD-4A82-BB57-9C3E98AD184E}.Template|ARM64.Build.0 = Release|x64
		{47C1ACDC-02BD-4A82-BB57-9C3E98AD184E}.Template|x64.ActiveCfg = Release|x64
		{47C1ACDC-02BD-4A82-BB57-9C3E98AD184E}.Template|x64.Build.0 = Release|x64
		{47C1ACDC-02BD-4A82-BB57-9C3E98AD184E}.Template|x86.ActiveCfg = Release|Win32
		{47C1ACDC-02BD-4A82-BB57-9C3E98AD184E}.Template|x86.Build.0 = Release|Win32
		{2ABE20C0-C101-496D-85F7-6E171978A5CF}.Debug|ARM.ActiveCfg = Debug|Win32
		{2ABE20C0-C101-496D-85F7-6E171978A5CF}.Debug|ARM64.ActiveCfg = Debug|Win32
		{2ABE20C0-C101-496D-85F7-6E171978A5CF}.Debug|x64.ActiveCfg = Debug|x64
		{2ABE20C0-C101-496D-85F7-6E171978A5CF}.Debug|x64.Build.0 = Debug|x64
		{2ABE20C0-C101-496D-85F7-6E171978A5CF}.Debug|x86.ActiveCfg = Debug|Win32
		{2ABE20C0-C101-496D-85F7-6E171978A5CF}.Debug|x86.Build.0 = Debug|Win32
		{2ABE20C0-C101-496D-85F7-6E171978A5CF}.Release|ARM.ActiveCfg = Release|Win32
		{2ABE20C0-C101-496D-85F7-6E171978A5CF}.Release|ARM64.ActiveCfg = Release|Win32
		{2ABE20C0-C101-496D-85F7-6E171978A5CF}.Release|x64.ActiveCfg = Release|x64
		{2ABE20C0-C101-496D-85F7-6E171978A5CF}.Release|x64.Build.0 = Release|x64
		{2ABE20C0-C101-496D-85F7-6E171978A5CF}.Release|x86.ActiveCfg = Release|Win32
		{2ABE20C0-C101-496D-85F7-6E171978A5CF}.Release|x86.Build.0 = Release|Win32
		{2ABE20C0-C101-496D-85F7-6E171978A5CF}.Template|ARM.ActiveCfg = Release|x64
		{2ABE20C0-C101-496D-85F7-6E171978A5CF}.Template|ARM.Build.0 = Release|x64
		{2ABE20C0-C101-496D-85F7-6E171978A5CF}.Template|ARM64.ActiveCfg = Release|x64
		{2ABE20C0-C101-496D-85F7-6E171978A5CF}.Template|ARM64.Build.0 = Release|x64
		{2ABE20C0-C101-496D-85F7-6E171978A5CF}.Template|x64.ActiveCfg = Release|x64
		{2ABE20C0-C101-496D-85F7-6E171978A5CF}.Template|x64.Build.0 = Release|x64
		{2ABE20C0-C101-496D-85F7-6E171978A5CF}.Template|x86.ActiveCfg = Release|Win32
		{2ABE20C0-C101-496D-85F7-6E171978A5CF}.Template|x86.Build.0 = Release|Win32
		{959F3191-F776-4B2E-8756-9856795924C6}.Debug|ARM.ActiveCfg = Debug|Win32
		{959F3191-F776-4B2E-8756-9856795924C6}.Debug|ARM64.ActiveCfg = Debug|Win32
		{959F3191-F776-4B2E-8756-9856795924C6}.Debug|x64.ActiveCfg = Debug|x64
		{959F3191-F776-4B2E-8756-9856795924C6}.Debug|x64.Build.0 = Debug|x64
		{959F3191-F776-4B2E-8756-9856795924C6}.Debug|x86.ActiveCfg = Debug|Win32
		{959F3191-F776-4B2E-8756-9856795924C6}.Debug|x86.Build.0 = Debug|Win32
		{959F3191-F776-4B2E-8756-9856795924C6}.Release|ARM.ActiveCfg = Release|Win32
		{959F3191-F776-4B2E-8756-9856795924C6}.Release|ARM64.ActiveCfg = Release|Win32
		{959F3191-F776-4B2E-8756-9856795924C6}.Release|x64.ActiveCfg = Release|x64
		{959F3191-F776-4B2E-8756-9856795924C6}.Release|x64.Build.0 = Release|x64
		{959F3191-F776-4B2E-8756-9856795924C6}.Release|x86.ActiveCfg = Release|Win32
		{959F3191-F776-4B2E-8756-9856795924C6}.Release|x86.Build.0 = Release|Win32
		{959F3191-F776-4B2E-8756-9856795924C6}.Template|ARM.ActiveCfg = Release|x64
		{959F3191-F776-4B2E-8756-9856795924C6}.Template|ARM.Build.0 = Release|x64
		{959F3191-F776-4B2E-8756-9856795924C6}.Template|ARM64.ActiveCfg = Release|x64
		{959F3191-F776-4B2E-8756-9856795924C6}.Template|ARM64.Build.0 = Release|x64
		{959F3191-F776-4B2E-8756-9856795924C6}.Template|x64.ActiveCfg = Release|x64
		{959F3191-F776-4B2E-8756-9856795924C6}.Template|x64.Build.0 = Release|x64
		{959F3191-F776-4B2E-8756-9856795924C6}.Template|x86.ActiveCfg = Release|Win32
		{959F3191-F776-4B2E-8756-9856795924C6}.Template|x86.Build.0 = Release|Win32
		{CADB69D9-35EB-4C3D-B104-4B30C8B00B6A}.Debug|ARM.ActiveCfg = Debug|Win32
		{CADB69D9-35EB-4C3D-B104-4B30C8B00B6A}.Debug|ARM64.ActiveCfg = Debug|Win32
		{CADB69D9-35EB-4C3D-B104-4B30C8B00B6A}.Debug|x64.ActiveCfg = Debug|x64
		{CADB69D9-35EB-4C3D-B104-4B30C8B00B6A}.Debug|x64.Build.0 = Debug|x64
		{CADB69D9-35EB-4C3D-B104-4B30C8B00B6A}.Debug|x86.ActiveCfg = Debug|Win32
		{CADB69D9-35EB-4C3D-B104-4B30C8B00B6A}.Debug|x86.Build.0 = Debug|Win32
		{CADB69D9-35EB-4C3D-B104-4B30C8B00B6A}.Release|ARM.ActiveCfg = Release|Win32
		{CADB69D9-35EB-4C3D-B104-4B30C8B00B6A}.Release|ARM64.ActiveCfg = Release|Win32
		{CADB69D9-35EB-4C3D-B104-4B30C8B00B6A}.Release|x64.ActiveCfg = Release|x64
		{CADB69D9-35EB-4C3D-B104-4B30C8B00B6A}.Release|x64.Build.0 = Release|x64
		{CADB69D9-35EB-4C3D-B104-4B30C8B00B6A}.Release|x86.ActiveCfg = Release|Win32
		{CADB69D9-35EB-4C3D-B104-4B30C8B00B6A}.Release|x86.Build.0 = Release|Win32
		{CADB69D9-35EB-4C3D-B104-4B30C8B00B6A}.Template|ARM.ActiveCfg = Release|x64
		{CADB69D9-35EB-4C3D-B104-4B30C8B00B6A}.Template|ARM.Build.0 = Release|x64
		{CADB69D9-35EB-4C3D-B104-4B30C8B00B6A}.Template|ARM64.ActiveCfg = Release|x64
		{CADB69D9-35EB-4C3D-B104-4B30C8B00B6A}.Template|ARM64.Build.0 = Release|x64
		{CADB69D9-35EB-4C3D-B104-4B30C8B00B6A}.Template|x64.ActiveCfg = Release|x64
		{CADB69D9-35EB-4C3D-B104-4B30C8B00B6A}.Template|x64.Build.0 = Release|x64
		{CADB69D9-35EB-4C3D-B104-4B30C8B00B6A}.Template|x86.ActiveCfg = Release|Win32
		{CADB69D9-35EB-4C3D-B104-4B30C8B00B6A}.Template|x86.Build.0 = Release|Win32
		{609C0ECC-08CE-498C-8991-0876F5297596}.Debug|ARM.ActiveCfg = Debug|Win32
		{609C0ECC-08CE-498C-8991-0876F5297596}.Debug|ARM64.ActiveCfg = Debug|Win32
		{609C0ECC-08CE-498C-8991-0876F5297596}.Debug|x64.ActiveCfg = Debug|x64
		{609C0ECC-08CE-498C-8991-0876F5297596}.Debug|x64.Build.0 = Debug|x64
		{609C0ECC-08CE-498C-8991-0876F5297596}.Debug|x86.ActiveCfg = Debug|Win32
		{609C0ECC-08CE-498C-8991-0876F5297596}.Debug|x86.Build.0 = Debug|Win32
		{609C0ECC-08CE-498C-8991-0876F5297596}.Release|ARM.ActiveCfg = Release|Win32
		{609C0ECC-08CE-498C-8991-0876F5297596}.Release|ARM64.ActiveCfg = Release|Win32
		{609C0ECC-08CE-498C-8991-0876F5297596}.Release|x64.ActiveCfg = Release|x64
		{609C0ECC-08CE-498C-8991-0876F5297596}.Release|x64.Build.0 = Release|x64
		{609C0ECC-08CE-498C-8991-0876F5297596}.Release|x86.ActiveCfg = Release|Win32
		{609C0ECC-08CE-498C-8991-0876F5297596}.Release|x86.Build.0 = Release|Win32
		{609C0ECC-08CE-498C-8991-0876F5297596}.Template|ARM.ActiveCfg = Release|x64
		{609C0ECC-08CE-498C-8991-0876F5297596}.Template|ARM.Build.0 = Release|x64
		{609C0ECC-08CE-498C-8991-0876F5297596}.Template|ARM64.ActiveCfg = Release|x64
		{609C0ECC-08CE-498C-8991-0876F5297596}.Template|ARM64.Build.0 = Release|x64
		{609C0ECC-08CE-498C-8991-0876F5297596}.Template|x64.ActiveCfg = Release|x64
		{609C0ECC-08CE-498C-8991-0876F5297596}.Template|x64.Build.0 = Release|x64
		{609C0ECC-08CE-498C-8991-0876F5297596}.Template|x86.ActiveCfg = Release|Win32
		{609C0ECC-08CE-498C-8991-0876F5297596}.Template|x86.Build.0 = Release|Win32
		{24F32645-C998-4B4C-8AF7-ADC1A977C55C}.Debug|ARM.ActiveCfg = Debug|Win32
		{24F32645-C998-4B4C-8AF7-ADC1A977C55C}.Debug|ARM64.ActiveCfg = Debug|Win32
		{24F32645-C998-4B4C-8AF7-ADC1A977C55C}.Debug|x64.ActiveCfg = Debug|x64
		{24F32645-C998-4B4C-8AF7-ADC1A977C55C}.Debug|x64.Build.0 = Debug|x64
		{24F32645-C998-4B4C-8AF7-ADC1A977C55C}.Debug|x86.ActiveCfg = Debug|Win32
		{24F32645-C998-4B4C-8AF7-ADC1A977C55C}.Debug|x86.Build.0 = Debug|Win32
		{24F32645-C998-4B4C-8AF7-ADC1A977C55C}.Release|ARM.ActiveCfg = Release|Win32
		{24F32645-C998-4B4C-8AF7-ADC1A977C55C}.Release|ARM64.ActiveCfg = Release|Win32
		{24F32645-C998-4B4C-8AF7-ADC1A977C55C}.Release|x64.ActiveCfg = Release|x64
		{24F32645-C998-4B4C-8AF7-ADC1A977C55C}.Release|x64.Build.0 = Release|x64
		{24F32645-C998-4B4C-8AF7-ADC1A977C55C}.Release|x86.ActiveCfg = Release|Win32
		{24F32645-C998-4B4C-8AF7-ADC1A977C55C}.Release|x86.Build.0 = Release|Win32
		{24F32645-C998-4B4C-8AF7-ADC1A977C55C}.Template|ARM.ActiveCfg = Release|x64
		{24F32645-C998-4B4C-8AF7-ADC1A977C55C}.Template|ARM.Build.0 = Release|x64
		{24F32645-C998-4B4C-8AF7-ADC1A977C55C}.Template|ARM64.ActiveCfg = Release|x64
		{24F32645-C998-4B4C-8AF7-ADC1A977C55C}.Template|ARM64.Build.0 = Release|x64
		{24F32645-C998-4B4C-8AF7-ADC1A977C55C}.Template|x64.ActiveCfg = Release|x64
		{24F32645-C998-4B4C-8AF7-ADC1A977C55C}.Template|x64.Build.0 = Release|x64
		{24F32645-C998-4B4C-8AF7-ADC1A977C55C}.Template|x86.ActiveCfg = Release|Win32
		{24F32645-C998-4B4C-8AF7-ADC1A977C55C}.Template|x86.Build.0 = Release|Win32
		{59DD7301-D91C-49B2-8744-BDAF32F38E08}.Debug|ARM.ActiveCfg = Debug|Win32
		{59DD7301-D91C-49B2-8744-BDAF32F38E08}.Debug|ARM64.ActiveCfg = Debug|Win32
		{59DD7301-D91C-49B2-8744-BDAF32F38E08}.Debug|x64.ActiveCfg = Debug|x64
		{59DD7301-D91C-49B2-8744-BDAF32F38E08}.Debug|x64.Build.0 = Debug|x64
		{59DD7301-D91C-49B2-8744-BDAF32F38E08}.Debug|x86.ActiveCfg = Debug|Win32
		{59DD7301-D91C-49B2-8744-BDAF32F38E08}.Debug|x86.Build.0 = Debug|Win32
		{59DD7301-D91C-49B2-8744-BDAF32F38E08}.Release|ARM.ActiveCfg = Release|Win32
		{59DD7301-D91C-49B2-8744-BDAF32F38E08}.Release|ARM64.ActiveCfg = Release|Win32
		{59DD7301-D91C-49B2-8744-BDAF32F38E08}.Release|x64.ActiveCfg = Release|x64
		{59DD7301-D91C-49B2-8744-BDAF32F38E08}.Release|x64.Build.0 = Release|x64
		{59DD7301-D91C-49B2-8744-BDAF32F38E08}.Release|x86.ActiveCfg = Release|Win32
		{59DD7301-D91C-49B2-8744-BDAF32F38E08}.Release|x86.Build.0 = Release|Win32
		{59DD7301-D91C-49B2-8744-BDAF32F38E08}.Template|ARM.ActiveCfg = Release|x64
		{59DD7301-D91C-49B2-8744-BDAF32F38E08}.Template|ARM.Build.0 = Release|x64
		{59DD7301-D91C-49B2-8744-BDAF32F38E08}.Template|ARM64.ActiveCfg = Release|x64
		{59DD7301-D91C-49B2-8744-BDAF32F38E08}.Template|ARM64.Build.0 = Release|x64
		{59DD7301-D91C-49B2-8744-BDAF32F38E08}.Template|x64.ActiveCfg = Release|x64
		{59DD7301-D91C-49B2-8744-BDAF32F38E08}.Template|x64.Build.0 = Release|x64
		{59DD7301-D91C-49B2-8744-BDAF32F38E08}.Template|x86.ActiveCfg = Release|Win32
		{59DD7301-D91C-49B2-8744-BDAF32F38E08}.Template|x86.Build.0 = Release|Win32
		{34CBBFF6-FD51-441E-8BB3-D09DFFE1B558}.Debug|ARM.ActiveCfg = Debug|Win32
		{34CBBFF6-FD51-441E-8BB3-D09DFFE1B558}.Debug|ARM64.ActiveCfg = Debug|Win32
		{34CBBFF6-FD51-441E-8BB3-D09DFFE1B558}.Debug|x64.ActiveCfg = Debug|x64
		{34CBBFF6-FD51-441E-8BB3-D09DFFE1B558}.Debug|x64.Build.0 = Debug|x64
		{34CBBFF6-FD51-441E-8BB3-D09DFFE1B558}.Debug|x86.ActiveCfg = Debug|Win32
		{34CBBFF6-FD51-441E-8BB3-D09DFFE1B558}.Debug|x86.Build.0 = Debug|Win32
		{34CBBFF6-FD51-441E-8BB3-D09DFFE1B558}.Release|ARM.ActiveCfg = Release|Win32
		{34CBBFF6-FD51-441E-8BB3-D09DFFE1B558}.Release|ARM64.ActiveCfg = Release|Win32
		{34CBBFF6-FD51-441E-8BB3-D09DFFE1B558}.Release|x64.ActiveCfg = Release|x64
		{34CBBFF6-FD51-441E-8BB3-D09DFFE1B558}.Release|x64.Build.0 = Release|x64
		{34CBBFF6-FD51-441E-8BB3-D09DFFE1B558}.Release|x86.ActiveCfg = Release|Win32
		{34CBBFF6-FD51-441E-8BB3-D09DFFE1B558}.Release|x86.Build.0 = Release|Win32
		{34CBBFF6-FD51-441E-8BB3-D09DFFE1B558}.Template|ARM.ActiveCfg = Release|x64
		{34CBBFF6-FD51-441E-8BB3-D09DFFE1B558}.Template|ARM.Build.0 = Release|x64
		{34CBBFF6-FD51-441E-8BB3-D09DFFE1B558}.Template|ARM64.ActiveCfg = Release|x64
		{34CBBFF6-FD51-441E-8BB3-D09DFFE1B558}.Template|ARM64.Build.0 = Release|x64
		{34CBBFF6-FD51-441E-8BB3-D09DFFE1B558}.Template|x64.ActiveCfg = Release|x64
		{34CBBFF6-FD51-441E-8BB3-D09DFFE1B558}.Template|x64.Build.0 = Release|x64
		{34CBBFF6-FD51-441E-8BB3-D09DFFE1B558}.Template|x86.ActiveCfg = Release|Win32
		{34CBBFF6-FD51-441E-8BB3-D09DFFE1B558}.Template|x86.Build.0 = Release|Win32
		{CF325346-155D-41A0-946B-943FEE57D2D3}.Debug|ARM.ActiveCfg = Debug|Win32
		{CF325346-155D-41A0-946B-943FEE57D2D3}.Debug|ARM64.ActiveCfg = Debug|Win32
		{CF325346-155D-41A0-946B-943FEE57D2D3}.Debug|x64.ActiveCfg = Debug|x64
		{CF325346-155D-41A0-946B-943FEE57D2D3}.Debug|x64.Build.0 = Debug|x64
		{CF325346-155D-41A0-946B-943FEE57D2D3}.Debug|x86.ActiveCfg = Debug|Win32
		{CF325346-155D-41A0-946B-943FEE57D2D3}.Debug|x86.Build.0 = Debug|Win32
		{CF325346-155D-41A0-946B-943FEE57D2D3}.Release|ARM.ActiveCfg = Release|Win32
		{CF325346-155D-41A0-946B-943FEE57D2D3}.Release|ARM64.ActiveCfg = Release|Win32
		{CF325346-155D-41A0-946B-943FEE57D2D3}.Release|x64.ActiveCfg = Release|x64
		{CF325346-155D-41A0-946B-943FEE57D2D3}.Release|x64.Build.0 = Release|x64
		{CF325346-155D-41A0-946B-943FEE57D2D3}.Release|x86.ActiveCfg = Release|Win32
		{CF325346-155D-41A0-946B-943FEE57D2D3}.Release|x86.Build.0 = Release|Win32
		{CF325346-155D-41A0-946B-943FEE57D2D3}.Template|ARM.ActiveCfg = Release|x64
		{CF325346-155D-41A0-946B-943FEE57D2D3}.Template|ARM.Build.0 = Release|x64
		{CF325346-155D-41A0-946B-943FEE57D2D3}.Template|ARM64.ActiveCfg = Release|x64
		{CF325346-155D-41A0-946B-943FEE57D2D3}.Template|ARM64.Build.0 = Release|x64
		{CF325346-155D-41A0-946B-943FEE57D2D3}.Template|x64.ActiveCfg = Release|x64
		{CF325346-155D-41A0-946B-943FEE57D2D3}.Template|x64.Build.0 = Release|x64
		{CF325346-155D-41A0-946B-943FEE57D2D3}.Template|x86.ActiveCfg = Release|Win32
		{CF325346-155D-41A0-946B-943FEE57D2D3}.Template|x86.Build.0 = Release|Win32
		{192656C4-3ACE-48BE-89A3-5EB1ADF35131}.Debug|ARM.ActiveCfg = Debug|Win32
		{192656C4-3ACE-48BE-89A3-5EB1ADF35131}.Debug|ARM64.ActiveCfg = Debug|Win32
		{192656C4-3ACE-48BE-89A3-5EB1ADF35131}.Debug|x64.ActiveCfg = Debug|x64
		{192656C4-3ACE-48BE-89A3-5EB1ADF35131}.Debug|x64.Build.0 = Debug|x64
		{192656C4-3ACE-48BE-89A3-5EB1ADF35131}.Debug|x86.ActiveCfg = Debug|Win32
		{192656C4-3ACE-48BE-89A3-5EB1ADF35131}.Debug|x86.Build.0 = Debug|Win32
		{192656C4-3ACE-48BE-89A3-5EB1ADF35131}.Release|ARM.ActiveCfg = Release|Win32
		{192656C4-3ACE-48BE-89A3-5EB1ADF35131}.Release|ARM64.ActiveCfg = Release|Win32
		{192656C4-3ACE-48BE-89A3-5EB1ADF35131}.Release|x64.ActiveCfg = Release|x64
		{192656C4-3ACE-48BE-89A3-5EB1ADF35131}.Release|x64.Build.0 = Release|x64
		{192656C4-3ACE-48BE-89A3-5EB1ADF35131}.Release|x86.ActiveCfg = Release|Win32
		{192656C4-3ACE-48BE-89A3-5EB1ADF35131}.Release|x86.Build.0 = Release|Win32
		{192656C4-3ACE-48BE-89A3-5EB1ADF35131}.Template|ARM.ActiveCfg = Release|x64
		{192656C4-3ACE-48BE-89A3-5EB1ADF35131}.Template|ARM.Build.0 = Release|x64
		{192656C4-3ACE-48BE-89A3-5EB1ADF35131}.Template|ARM64.ActiveCfg = Release|x64
		{192656C4-3ACE-48BE-89A3-5EB1ADF35131}.Template|ARM64.Build.0 = Release|x64
		{192656C4-3ACE-48BE-89A3-5EB1ADF35131}.Template|x64.ActiveCfg = Release|x64
		{192656C4-3ACE-48BE-89A3-5EB1ADF35131}.Template|x64.Build.0 = Release|x64
		{192656C4-3ACE-48BE-89A3-5EB1ADF35131}.Template|x86.ActiveCfg = Release|Win32
		{192656C4-3ACE-48BE-89A3-5EB1ADF35131}.Template|x86.Build.0 = Release|Win32
		{609598FD-FB7F-467F-B4A3-C17DD9F5AE4D}.Debug|ARM.ActiveCfg = Debug|Win32
		{609598FD-FB7F-467F-B4A3-C17DD9F5AE4D}.Debug|ARM64.ActiveCfg = Debug|Win32
		{609598FD-FB7F-467F-B4A3-C17DD9F5AE4D}.Debug|x64.ActiveCfg = Debug|x64
		{609598FD-FB7F-467F-B4A3-C17DD9F5AE4D}.Debug|x64.Build.0 = Debug|x64
		{609598FD-FB7F-467F-B4A3-C17DD9F5AE4D}.Debug|x86.ActiveCfg = Debug|Win32
		{609598FD-FB7F-467F-B4A3-C17DD9F5AE4D}.Debug|x86.Build.0 = Debug|Win32
		{609598FD-FB7F-467F-B4A3-C17DD9F5AE4D}.Release|ARM.ActiveCfg = Release|Win32
		{609598FD-FB7F-467F-B4A3-C17DD9F5AE4D}.Release|ARM64.ActiveCfg = Release|Win32
		{609598FD-FB7F-467F-B4A3-C17DD9F5AE4D}.Release|x64.ActiveCfg = Release|x64
		{609598FD-FB7F-467F-B4A3-C17DD9F5AE4D}.Release|x64.Build.0 = Release|x64
		{609598FD-FB7F-467F-B4A3-C17DD9F5AE4D}.Release|x86.ActiveCfg = Release|Win32
		{609598FD-FB7F-467F-B4A3-C17DD9F5AE4D}.Release|x86.Build.0 = Release|Win32
		{609598FD-FB7F-467F-B4A3-C17DD9F5AE4D}.Template|ARM.ActiveCfg = Release|x64
		{609598FD-FB7F-467F-B4A3-C17DD9F5AE4D}.Template|ARM.Build.0 = Release|x64
		{609598FD-FB7F-467F-B4A3-C17DD9F5AE4D}.Template|ARM64.ActiveCfg = Release|x64
		{609598FD-FB7F-467F-B4A3-C17DD9F5AE4D}.Template|ARM64.Build.0 = Release|x64
		{609598FD-FB7F-467F-B4A3-C17DD9F5AE4D}.Template|x64.ActiveCfg = Release|x64
		{609598FD-FB7F-467F-B4A3-C17DD9F5AE4D}.Template|x64.Build.0 = Release|x64
		{609598FD-FB7F-467F-B4A3-C17DD9F5AE4D}.Template|x86.ActiveCfg = Release|Win32
		{609598FD-FB7F-467F-B4A3-C17DD9F5AE4D}.Template|x86.Build.0 = Release|Win32
		{F20AD97F-FC64-45A7-8CAE-E3883431E58A}.Debug|ARM.ActiveCfg = Debug|Win32
		{F20AD97F-FC64-45A7-8CAE-E3883431E58A}.Debug|ARM64.ActiveCfg = Debug|Win32
		{F20AD97F-FC64-45A7-8CAE-E3883431E58A}.Debug|x64.ActiveCfg = Debug|x64
		{F20AD97F-FC64-45A7-8CAE-E3883431E58A}.Debug|x64.Build.0 = Debug|x64
		{F20AD97F-FC64-45A7-8CAE-E3883431E58A}.Debug|x86.ActiveCfg = Debug|Win32
		{F20AD97F-FC64-45A7-8CAE-E3883431E58A}.Debug|x86.Build.0 = Debug|Win32
		{F20AD97F-FC64-45A7-8CAE-E3883431E58A}.Release|ARM.ActiveCfg = Release|Win32
		{F20AD97F-FC64-45A7-8CAE-E3883431E58A}.Release|ARM64.ActiveCfg = Release|Win32
		{F20AD97F-FC64-45A7-8CAE-E3883431E58A}.Release|x64.ActiveCfg = Release|x64
		{F20AD97F-FC64-45A7-8CAE-E3883431E58A}.Release|x64.Build.0 = Release|x64
		{F20AD97F-FC64-45A7-8CAE-E3883431E58A}.Release|x86.ActiveCfg = Release|Win32
		{F20AD97F-FC64-45A7-8CAE-E3883431E58A}.Release|x86.Build.0 = Release|Win32
		{F20AD97F-FC64-45A7-8CAE-E3883431E58A}.Template|ARM.ActiveCfg = Release|x64
		{F20AD97F-FC64-45A7-8CAE-E3883431E58A}.Template|ARM.Build.0 = Release|x64
		{F20AD97F-FC64-45A7-8CAE-E3883431E58A}.Template|ARM64.ActiveCfg = Release|x64
		{F20AD97F-FC64-45A7-8CAE-E3883431E58A}.Template|ARM64.Build.0 = Release|x64
		{F20AD97F-FC64-45A7-8CAE-E3883431E58A}.Template|x64.ActiveCfg = Release|x64
		{F20AD97F-FC64-45A7-8CAE-E3883431E58A}.Template|x64.Build.0 = Release|x64
		{F20AD97F-FC64-45A7-8CAE-E3883431E58A}.Template|x86.ActiveCfg = Release|Win32
		{F20AD97F-FC64-45A7-8CAE-E3883431E58A}.Template|x86.Build.0 = Release|Win32
		{BBE246D9-7F88-401A-B42A-E77AEACBF719}.Debug|ARM.ActiveCfg = Debug|Win32
		{BBE246D9-7F88-401A-B42A-E77AEACBF719}.Debug|ARM64.ActiveCfg = Debug|Win32
		{BBE246D9-7F88-401A-B42A-E77AEACBF719}.Debug|x64.ActiveCfg = Debug|x64
		{BBE246D9-7F88-401A-B42A-E77AEACBF719}.Debug|x64.Build.0 = Debug|x64
		{BBE246D9-7F88-401A-B42A-E77AEACBF719}.Debug|x86.ActiveCfg = Debug|Win32
		{BBE246D9-7F88-401A-B42A-E77AEACBF719}.Debug|x86.Build.0 = Debug|Win32
		{BBE246D9-7F88-401A-B42A-E77AEACBF719}.Release|ARM.ActiveCfg = Release|Win32
		{BBE246D9-7F88-401A-B42A-E77AEACBF719}.Release|ARM64.ActiveCfg = Release|Win32
		{BBE246D9-7F88-401A-B42A-E77AEACBF719}.Release|x64.ActiveCfg = Release|x64
		{BBE246D9-7F88-401A-B42A-E77AEACBF719}.Release|x64.Build.0 = Release|x64
		{BBE246D9-7F88-401A-B42A-E77AEACBF719}.Release|x86.ActiveCfg = Release|Win32
		{BBE246D9-7F88-401A-B42A-E77AEACBF719}.Release|x86.Build.0 = Release|Win32
		{BBE246D9-7F88-401A-B42A-E77AEACBF719}.Template|ARM.ActiveCfg = Release|x64
		{BBE246D9-7F88-401A-B42A-E77AEACBF719}.Template|ARM.Build.0 = Release|x64
		{BBE246D9-7F88-401A-B42A-E77AEACBF719}.Template|ARM64.ActiveCfg = Release|x64
		{BBE246D9-7F88-401A-B42A-E77AEACBF719}.Template|ARM64.Build.0 = Release|x64
		{BBE246D9-7F88-401A-B42A-E77AEACBF719}.Template|x64.ActiveCfg = Release|x64
		{BBE246D9-7F88-401A-B42A-E77AEACBF719}.Template|x64.Build.0 = Release|x64
		{BBE246D9-7F88-401A-B42A-E77AEACBF719}.Template|x86.ActiveCfg = Release|Win32
		{BBE246D9-7F88-401A-B42A-E77AEACBF719}.Template|x86.Build.0 = Release|Win32
		{770D5C8D-9758-4F60-94FF-C5336B384765}.Debug|ARM.ActiveCfg = Debug|Win32
		{770D5C8D-9758-4F60-94FF-C5336B384765}.Debug|ARM64.ActiveCfg = Debug|Win32
		{770D5C8D-9758-4F60-94FF-C5336B384765}.Debug|x64.ActiveCfg = Debug|x64
		{770D5C8D-9758-4F60-94FF-C5336B384765}.Debug|x64.Build.0 = Debug|x64
		{770D5C8D-9758-4F60-94FF-C5336B384765}.Debug|x86.ActiveCfg = Debug|Win32
		{770D5C8D-9758-4F60-94FF-C5336B384765}.Debug|x86.Build.0 = Debug|Win32
		{770D5C8D-9758-4F60-94FF-C5336B384765}.Release|ARM.ActiveCfg = Release|Win32
		{770D5C8D-9758-4F60-94FF-C5336B384765}.Release|ARM64.ActiveCfg = Release|Win32
		{770D5C8D-9758-4F60-94FF-C5336B384765}.Release|x64.ActiveCfg = Release|x64
		{770D5C8D-9758-4F60-94FF-C5336B384765}.Release|x64.Build.0 = Release|x64
		{770D5C8D-9758-4F60-94FF-C5336B384765}.Release|x86.ActiveCfg = Release|Win32
		{770D5C8D-9758-4F60-94FF-C5336B384765}.Release|x86.Build.0 = Release|Win32
		{770D5C8D-9758-4F60-94FF-C5336B384765}.Template|ARM.ActiveCfg = Release|x64
		{770D5C8D-9758-4F60-94FF-C5336B384765}.Template|ARM.Build.0 = Release|x64
		{770D5C8D-9758-4F60-94FF-C5336B384765}.Template|ARM64.ActiveCfg = Release|x64
		{770D5C8D-9758-4F60-94FF-C5336B384765}.Template|ARM64.Build.0 = Release|x64
		{770D5C8D-9758-4F60-94FF-C5336B384765}.Template|x64.ActiveCfg = Release|x64
		{770D5C8D-9758-4F60-94FF-C5336B384765}.Template|x64.Build.0 = Release|x64
		{770D5C8D-9758-4F60-94FF-C5336B384765}.Template|x86.ActiveCfg = Release|Win32
		{770D5C8D-9758-4F60-94FF-C5336B384765}.Template|x86.Build.0 = Release|Win32
		{E4C459DF-D7C0-4D9D-966F-2ACBDA7D12BC}.Debug|ARM.ActiveCfg = Debug|Win32
		{E4C459DF-D7C0-4D9D-966F-2ACBDA7D12BC}.Debug|ARM64.ActiveCfg = Debug|Win32
		{E4C459DF-D7C0-4D9D-966F-2ACBDA7D12BC}.Debug|x64.ActiveCfg = Debug|x64
		{E4C459DF-D7C0-4D9D-966F-2ACBDA7D12BC}.Debug|x64.Build.0 = Debug|x64
		{E4C459DF-D7C0-4D9D-966F-2ACBDA7D12BC}.Debug|x86.ActiveCfg = Debug|Win32
		{E4C459DF-D7C0-4D9D-966F-2ACBDA7D12BC}.Debug|x86.Build.0 = Debug|Win32
		{E4C459DF-D7C0-4D9D-966F-2ACBDA7D12BC}.Release|ARM.ActiveCfg = Release|Win32
		{E4C459DF-D7C0-4D9D-966F-2ACBDA7D12BC}.Release|ARM64.ActiveCfg = Release|Win32
		{E4C459DF-D7C0-4D9D-966F-2ACBDA7D12BC}.Release|x64.ActiveCfg = Release|x64
		{E4C459DF-D7C0-4D9D-966F-2ACBDA7D12BC}.Release|x64.Build.0 = Release|x64
		{E4C459DF-D7C0-4D9D-966F-2ACBDA7D12BC}.Release|x86.ActiveCfg = Release|Win32
		{E4C459DF-D7C0-4D9D-966F-2ACBDA7D12BC}.Release|x86.Build.0 = Release|Win32
		{E4C459DF-D7C0-4D9D-966F-2ACBDA7D12BC}.Template|ARM.ActiveCfg = Release|x64
		{E4C459DF-D7C0-4D9D-966F-2ACBDA7D12BC}.Template|ARM.Build.0 = Release|x64
		{E4C459DF-D7C0-4D9D-966F-2ACBDA7D12BC}.Template|ARM64.ActiveCfg = Release|x64
		{E4C459DF-D7C0-4D9D-966F-2ACBDA7D12BC}.Template|ARM64.Build.0 = Release|x64
		{E4C459DF-D7C0-4D9D-966F-2ACBDA7D12BC}.Template|x64.ActiveCfg = Release|x64
		{E4C459DF-D7C0-4D9D-966F-2ACBDA7D12BC}.Template|x64.Build.0 = Release|x64
		{E4C459DF-D7C0-4D9D-966F-2ACBDA7D12BC}.Template|x86.ActiveCfg = Release|Win32
		{E4C459DF-D7C0-4D9D-966F-2ACBDA7D12BC}.Template|x86.Build.0 = Release|Win32
		{0C8BA26C-AF00-4CD8-808D-FFB33601E6D9}.Debug|ARM.ActiveCfg = Debug|Win32
		{0C8BA26C-AF00-4CD8-808D-FFB33601E6D9}.Debug|ARM64.ActiveCfg = Debug|Win32
		{0C8BA26C-AF00-4CD8-808D-FFB33601E6D9}.Debug|x64.ActiveCfg = Debug|x64
		{0C8BA26C-AF00-4CD8-808D-FFB33601E6D9}.Debug|x64.Build.0 = Debug|x64
		{0C8BA26C-AF00-4CD8-808D-FFB33601E6D9}.Debug|x86.ActiveCfg = Debug|Win32
		{0C8BA26C-AF00-4CD8-808D-FFB33601E6D9}.Debug|x86.Build.0 = Debug|Win32
		{0C8BA26C-AF00-4CD8-808D-FFB33601E6D9}.Release|ARM.ActiveCfg = Release|Win32
		{0C8BA26C-AF00-4CD8-808D-FFB33601E6D9}.Release|ARM64.ActiveCfg = Release|Win32
		{0C8BA26C-AF00-4CD8-808D-FFB33601E6D9}.Release|x64.ActiveCfg = Release|x64
		{0C8BA26C-AF00-4CD8-808D-FFB33601E6D9}.Release|x64.Build.0 = Release|x64
		{0C8BA26C-AF00-4CD8-808D-FFB33601E6D9}.Release|x86.ActiveCfg = Release|Win32
		{0C8BA26C-AF00-4CD8-808D-FFB33601E6D9}.Release|x86.Build.0 = Release|Win32
		{0C8BA26C-AF00-4CD8-808D-FFB33601E6D9}.Template|ARM.ActiveCfg = Release|x64
		{0C8BA26C-AF00-4CD8-808D-FFB33601E6D9}.Template|ARM.Build.0 = Release|x64
		{0C8BA26C-AF00-4CD8-808D-FFB33601E6D9}.Template|ARM64.ActiveCfg = Release|x64
		{0C8BA26C-AF00-4CD8-808D-FFB33601E6D9}.Template|ARM64.Build.0 = Release|x64
		{0C8BA26C-AF00-4CD8-808D-FFB33601E6D9}.Template|x64.ActiveCfg = Release|x64
		{0C8BA26C-AF00-4CD8-808D-FFB33601E6D9}.Template|x64.Build.0 = Release|x64
		{0C8BA26C-AF00-4CD8-808D-FFB33601E6D9}.Template|x86.ActiveCfg = Release|Win32
		{0C8BA26C-AF00-4CD8-808D-FFB33601E6D9}.Template|x86.Build.0 = Release|Win32
		{F8A7DD0B-145E-48A0-9C9A-E49CA3F160DA}.Debug|ARM.ActiveCfg = Debug|Win32
		{F8A7DD0B-145E-48A0-9C9A-E49CA3F160DA}.Debug|ARM64.ActiveCfg = Debug|Win32
		{F8A7DD0B-145E-48A0-9C9A-E49CA3F160DA}.Debug|x64.ActiveCfg = Debug|x64
		{F8A7DD0B-145E-48A0-9C9A-E49CA3F160DA}.Debug|x64.Build.0 = Debug|x64
		{F8A7DD0B-145E-48A0-9C9A-E49CA3F160DA}.Debug|x86.ActiveCfg = Debug|Win32
		{F8A7DD0B-145E-48A0-9C9A-E49CA3F160DA}.Debug|x86.Build.0 = Debug|Win32
		{F8A7DD0B-145E-48A0-9C9A-E49CA3F160DA}.Release|ARM.ActiveCfg = Release|Win32
		{F8A7DD0B-145E-48A0-9C9A-E49CA3F160DA}.Release|ARM64.ActiveCfg = Release|Win32
		{F8A7DD0B-145E-48A0-9C9A-E49CA3F160DA}.Release|x64.ActiveCfg = Release|x64
		{F8A7DD0B-145E-48A0-9C9A-E49CA3F160DA}.Release|x64.Build.0 = Release|x64
		{F8A7DD0B-145E-48A0-9C9A-E49CA3F160DA}.Release|x86.ActiveCfg = Release|Win32
		{F8A7DD0B-145E-48A0-9C9A-E49CA3F160DA}.Release|x86.Build.0 = Release|Win32
		{F8A7DD0B-145E-48A0-9C9A-E49CA3F160DA}.Template|ARM.ActiveCfg = Release|x64
		{F8A7DD0B-145E-48A0-9C9A-E49CA3F160DA}.Template|ARM.Build.0 = Release|x64
		{F8A7DD0B-145E-48A0-9C9A-E49CA3F160DA}.Template|ARM64.ActiveCfg = Release|x64
		{F8A7DD0B-145E-48A0-9C9A-E49CA3F160DA}.Template|ARM64.Build.0 = Release|x64
		{F8A7DD0B-145E-48A0-9C9A-E49CA3F160DA}.Template|x64.ActiveCfg = Release|x64
		{F8A7DD0B-145E-48A0-9C9A-E49CA3F160DA}.Template|x64.Build.0 = Release|x64
		{F8A7DD0B-145E-48A0-9C9A-E49CA3F160DA}.Template|x86.ActiveCfg = Release|Win32
		{F8A7DD0B-145E-48A0-9C9A-E49CA3F160DA}.Template|x86.Build.0 = Release|Win32
		{B1029219-71BD-4729-953D-02E6EAA194CA}.Debug|ARM.ActiveCfg = Debug|Win32
		{B1029219-71BD-4729-953D-02E6EAA194CA}.Debug|ARM64.ActiveCfg = Debug|Win32
		{B1029219-71BD-4729-953D-02E6EAA194CA}.Debug|x64.ActiveCfg = Debug|x64
		{B1029219-71BD-4729-953D-02E6EAA194CA}.Debug|x64.Build.0 = Debug|x64
		{B1029219-71BD-4729-953D-02E6EAA194CA}.Debug|x86.ActiveCfg = Debug|Win32
		{B1029219-71BD-4729-953D-02E6EAA194CA}.Debug|x86.Build.0 = Debug|Win32
		{B1029219-71BD-4729-953D-02E6EAA194CA}.Release|ARM.ActiveCfg = Release|Win32
		{B1029219-71BD-4729-953D-02E6EAA194CA}.Release|ARM64.ActiveCfg = Release|Win32
		{B1029219-71BD-4729-953D-02E6EAA194CA}.Release|x64.ActiveCfg = Release|x64
		{B1029219-71BD-4729-953D-02E6EAA194CA}.Release|x64.Build.0 = Release|x64
		{B1029219-71BD-4729-953D-02E6EAA194CA}.Release|x86.ActiveCfg = Release|Win32
		{B1029219-71BD-4729-953D-02E6EAA194CA}.Release|x86.Build.0 = Release|Win32
		{B1029219-71BD-4729-953D-02E6EAA194CA}.Template|ARM.ActiveCfg = Release|x64
		{B1029219-71BD-4729-953D-02E6EAA194CA}.Template|ARM.Build.0 = Release|x64
		{B1029219-71BD-4729-953D-02E6EAA194CA}.Template|ARM64.ActiveCfg = Release|x64
		{B1029219-71BD-4729-953D-02E6EAA194CA}.Template|ARM64.Build.0 = Release|x64
		{B1029219-71BD-4729-953D-02E6EAA194CA}.Template|x64.ActiveCfg = Release|x64
		{B1029219-71BD-4729-953D-02E6EAA194CA}.Template|x64.Build.0 = Release|x64
		{B1029219-71BD-4729-953D-02E6EAA194CA}.Template|x86.ActiveCfg = Release|Win32
		{B1029219-71BD-4729-953D-02E6EAA194CA}.Template|x86.Build.0 = Release|Win32
		{CD89E7E2-85C8-4472-B131-372C3A34DB2F}.Debug|ARM.ActiveCfg = Debug|Win32
		{CD89E7E2-85C8-4472-B131-372C3A34DB2F}.Debug|ARM64.ActiveCfg = Debug|Win32
		{CD89E7E2-85C8-4472-B131-372C3A34DB2F}.Debug|x64.ActiveCfg = Debug|x64
		{CD89E7E2-85C8-4472-B131-372C3A34DB2F}.Debug|x64.Build.0 = Debug|x64
		{CD89E7E2-85C8-4472-B131-372C3A34DB2F}.Debug|x86.ActiveCfg = Debug|Win32
		{CD89E7E2-85C8-4472-B131-372C3A34DB2F}.Debug|x86.Build.0 = Debug|Win32
		{CD89E7E2-85C8-4472-B131-372C3A34DB2F}.Release|ARM.ActiveCfg = Release|Win32
		{CD89E7E2-85C8-4472-B131-372C3A34DB2F}.Release|ARM64.ActiveCfg = Release|Win32
		{CD89E7E2-85C8-4472-B131-372C3A34DB2F}.Release|x64.ActiveCfg = Release|x64
		{CD89E7E2-85C8-4472-B131-372C3A34DB2F}.Release|x64.Build.0 = Release|x64
		{CD89E7E2-85C8-4472-B131-372C3A34DB2F}.Release|x86.ActiveCfg = Release|Win32
		{CD89E7E2-85C8-4472-B131-372C3A34DB2F}.Release|x86.Build.0 = Release|Win32
		{CD89E7E2-85C8-4472-B131-372C3A34DB2F}.Template|ARM.ActiveCfg = Release|x64
		{CD89E7E2-85C8-4472-B131-372C3A34DB2F}.Template|ARM.Build.0 = Release|x64
		{CD89E7E2-85C8-4472-B131-372C3A34DB2F}.Template|ARM64.ActiveCfg = Release|x64
		{CD89E7E2-85C8-4472-B131-372C3A34DB2F}.Template|ARM64.Build.0 = Release|x64
		{CD89E7E2-85C8-4472-B131-372C3A34DB2F}.Template|x64.ActiveCfg = Release|x64
		{CD89E7E2-85C8-4472-B131-372C3A34DB2F}.Template|x64.Build.0 = Release|x64
		{CD89E7E2-85C8-4472-B131-372C3A34DB2F}.Template|x86.ActiveCfg = Release|Win32
		{CD89E7E2-85C8-4472-B131-372C3A34DB2F}.Template|x86.Build.0 = Release|Win32
		{FE5222ED-F826-403B-9062-F579125E0EE9}.Debug|ARM.ActiveCfg = Debug|Win32
		{FE5222ED-F826-403B-9062-F579125E0EE9}.Debug|ARM64.ActiveCfg = Debug|Win32
		{FE5222ED-F826-403B-9062-F579125E0EE9}.Debug|x64.ActiveCfg = Debug|x64
		{FE5222ED-F826-403B-9062-F579125E0EE9}.Debug|x64.Build.0 = Debug|x64
		{FE5222ED-F826-403B-9062-F579125E0EE9}.Debug|x86.ActiveCfg = Debug|Win32
		{FE5222ED-F826-403B-9062-F579125E0EE9}.Debug|x86.Build.0 = Debug|Win32
		{FE5222ED-F826-403B-9062-F579125E0EE9}.Release|ARM.ActiveCfg = Release|Win32
		{FE5222ED-F826-403B-9062-F579125E0EE9}.Release|ARM64.ActiveCfg = Release|Win32
		{FE5222ED-F826-403B-9062-F579125E0EE9}.Release|x64.ActiveCfg = Release|x64
		{FE5222ED-F826-403B-9062-F579125E0EE9}.Release|x64.Build.0 = Release|x64
		{FE5222ED-F826-403B-9062-F579125E0EE9}.Release|x86.ActiveCfg = Release|Win32
		{FE5222ED-F826-403B-9062-F579125E0EE9}.Release|x86.Build.0 = Release|Win32
		{FE5222ED-F826-403B-9062-F579125E0EE9}.Template|ARM.ActiveCfg = Debug|x64
		{FE5222ED-F826-403B-9062-F579125E0EE9}.Template|ARM.Build.0 = Debug|x64
		{FE5222ED-F826-403B-9062-F579125E0EE9}.Template|ARM64.ActiveCfg = Debug|x64
		{FE5222ED-F826-403B-9062-F579125E0EE9}.Template|ARM64.Build.0 = Debug|x64
		{FE5222ED-F826-403B-9062-F579125E0EE9}.Template|x64.ActiveCfg = Debug|x64
		{FE5222ED-F826-403B-9062-F579125E0EE9}.Template|x64.Build.0 = Debug|x64
		{FE5222ED-F826-403B-9062-F579125E0EE9}.Template|x86.ActiveCfg = Debug|Win32
		{FE5222ED-F826-403B-9062-F579125E0EE9}.Template|x86.Build.0 = Debug|Win32
	EndGlobalSection
	GlobalSection(SolutionProperties) = preSolution
		HideSolutionNode = FALSE
	EndGlobalSection
	GlobalSection(ExtensibilityGlobals) = postSolution
		SolutionGuid = {0150E16F-1BE4-43D4-918F-C3962FFB8BFE}
	EndGlobalSection
EndGlobal
