<?xml version="1.0" encoding="utf-8"?>
<Project ToolsVersion="4.0" xmlns="http://schemas.microsoft.com/developer/msbuild/2003">
  <ItemGroup>
    <Filter Include="Source Files">
      <UniqueIdentifier>{8941c6c3-6982-4f48-8422-f03af32b6845}</UniqueIdentifier>
      <Extensions>cpp;c;cxx;rc;def;r;odl;idl;hpj;bat</Extensions>
    </Filter>
    <Filter Include="Header Files">
      <UniqueIdentifier>{3d6e31a0-9dea-45e4-9468-86225a8188af}</UniqueIdentifier>
      <Extensions>h;hpp;hxx;hm;inl</Extensions>
    </Filter>
    <Filter Include="Resource Files">
      <UniqueIdentifier>{042be9b8-b28b-4150-9ef2-065c8ecec139}</UniqueIdentifier>
      <Extensions>ico;cur;bmp;dlg;rc2;rct;bin;rgs;gif;jpg;jpeg;jpe</Extensions>
    </Filter>
  </ItemGroup>
  <ItemGroup>
    <ClCompile Include="BelbToolTC.cpp">
      <Filter>Source Files</Filter>
    </ClCompile>
    <ClCompile Include="DrawButtonTC.cpp">
      <Filter>Source Files</Filter>
    </ClCompile>
    <ClCompile Include="MultiColumnComboBox.cpp">
      <Filter>Source Files</Filter>
    </ClCompile>
    <ClCompile Include="Send2Server.cpp">
      <Filter>Source Files</Filter>
    </ClCompile>
    <ClCompile Include="SendData.cpp">
      <Filter>Source Files</Filter>
    </ClCompile>
    <ClCompile Include="StdAfx.cpp">
      <Filter>Source Files</Filter>
    </ClCompile>
    <ClCompile Include="testcomm.cpp">
      <Filter>Source Files</Filter>
    </ClCompile>
    <ClCompile Include="testcommDlg.cpp">
      <Filter>Source Files</Filter>
    </ClCompile>
  </ItemGroup>
  <ItemGroup>
    <ResourceCompile Include="testcomm.rc">
      <Filter>Source Files</Filter>
    </ResourceCompile>
  </ItemGroup>
  <ItemGroup>
    <ClInclude Include="BelbToolTC.h">
      <Filter>Header Files</Filter>
    </ClInclude>
    <ClInclude Include="DrawButtonTC.h">
      <Filter>Header Files</Filter>
    </ClInclude>
    <ClInclude Include="MultiColumnComboBox.h">
      <Filter>Header Files</Filter>
    </ClInclude>
    <ClInclude Include="Resource.h">
      <Filter>Header Files</Filter>
    </ClInclude>
    <ClInclude Include="Send2Server.h">
      <Filter>Header Files</Filter>
    </ClInclude>
    <ClInclude Include="SendData.h">
      <Filter>Header Files</Filter>
    </ClInclude>
    <ClInclude Include="StdAfx.h">
      <Filter>Header Files</Filter>
    </ClInclude>
    <ClInclude Include="testcomm.h">
      <Filter>Header Files</Filter>
    </ClInclude>
    <ClInclude Include="testcommDlg.h">
      <Filter>Header Files</Filter>
    </ClInclude>
  </ItemGroup>
  <ItemGroup>
    <Image Include="res\testcomm.ico">
      <Filter>Resource Files</Filter>
    </Image>
    <Image Include="res\tools1.ico">
      <Filter>Resource Files</Filter>
    </Image>
  </ItemGroup>
  <ItemGroup>
    <Text Include="ReadMe.txt" />
  </ItemGroup>
  <ItemGroup>
    <CustomBuild Include="res\testcomm.rc2">
      <Filter>Resource Files</Filter>
    </CustomBuild>
  </ItemGroup>
</Project>