<?xml version="1.0" encoding="utf-8"?>
<Project ToolsVersion="4.0" xmlns="http://schemas.microsoft.com/developer/msbuild/2003">
  <ItemGroup>
    <Filter Include="Source Files">
      <UniqueIdentifier>{b0b54fc1-ddd8-4e11-8713-f3b78b5b2d2f}</UniqueIdentifier>
      <Extensions>cpp;c;cxx;rc;def;r;odl;idl;hpj;bat</Extensions>
    </Filter>
    <Filter Include="Header Files">
      <UniqueIdentifier>{30fdd0d0-9fa6-4ca7-a63f-83f871b07dec}</UniqueIdentifier>
      <Extensions>h;hpp;hxx;hm;inl</Extensions>
    </Filter>
    <Filter Include="Resource Files">
      <UniqueIdentifier>{99d34220-ecc6-429e-92b2-a609aafe74f6}</UniqueIdentifier>
      <Extensions>ico;cur;bmp;dlg;rc2;rct;bin;rgs;gif;jpg;jpeg;jpe</Extensions>
    </Filter>
  </ItemGroup>
  <ItemGroup>
    <ClCompile Include="KvData.cpp">
      <Filter>Source Files</Filter>
    </ClCompile>
    <ClCompile Include="KVNode.cpp">
      <Filter>Source Files</Filter>
    </ClCompile>
    <ClCompile Include="LinkThread.cpp">
      <Filter>Source Files</Filter>
    </ClCompile>
    <ClCompile Include="main.cpp">
      <Filter>Source Files</Filter>
    </ClCompile>
    <ClCompile Include="MoniRun.cpp">
      <Filter>Source Files</Filter>
    </ClCompile>
    <ClCompile Include="Resource.cpp">
      <Filter>Source Files</Filter>
    </ClCompile>
    <ClCompile Include="SocketInfo.cpp">
      <Filter>Source Files</Filter>
    </ClCompile>
    <ClCompile Include="SocketMgr.cpp">
      <Filter>Source Files</Filter>
    </ClCompile>
  </ItemGroup>
  <ItemGroup>
    <ClInclude Include="KvData.h">
      <Filter>Header Files</Filter>
    </ClInclude>
    <ClInclude Include="KVNode.h">
      <Filter>Header Files</Filter>
    </ClInclude>
    <ClInclude Include="LinkThread.h">
      <Filter>Header Files</Filter>
    </ClInclude>
    <ClInclude Include="MoniHead.h">
      <Filter>Header Files</Filter>
    </ClInclude>
    <ClInclude Include="MoniRun.h">
      <Filter>Header Files</Filter>
    </ClInclude>
    <ClInclude Include="Resource.h">
      <Filter>Header Files</Filter>
    </ClInclude>
    <ClInclude Include="SocketInfo.h">
      <Filter>Header Files</Filter>
    </ClInclude>
    <ClInclude Include="SocketMgr.h">
      <Filter>Header Files</Filter>
    </ClInclude>
  </ItemGroup>
</Project>