
Microsoft Visual Studio Solution File, Format Version 11.00
# Visual Studio 2010
Project("{8BC9CEB8-8B4A-11D0-8D11-00A0C91BC942}") = "SampleNew", "SampleNew.vcxproj", "{09E0AE5D-8DFA-7B02-0A14-FB51AA1E45AE}"
EndProject
Global
	GlobalSection(SolutionConfigurationPlatforms) = preSolution
		Debug|Win32 = Debug|Win32
		Release|Win32 = Release|Win32
		Template|Win32 = Template|Win32
	EndGlobalSection
	GlobalSection(ProjectConfigurationPlatforms) = postSolution
		{09E0AE5D-8DFA-7B02-0A14-FB51AA1E45AE}.Debug|Win32.ActiveCfg = Debug|Win32
		{09E0AE5D-8DFA-7B02-0A14-FB51AA1E45AE}.Debug|Win32.Build.0 = Debug|Win32
		{09E0AE5D-8DFA-7B02-0A14-FB51AA1E45AE}.Release|Win32.ActiveCfg = Release|Win32
		{09E0AE5D-8DFA-7B02-0A14-FB51AA1E45AE}.Release|Win32.Build.0 = Release|Win32
		{09E0AE5D-8DFA-7B02-0A14-FB51AA1E45AE}.Template|Win32.ActiveCfg = Template|Win32
		{09E0AE5D-8DFA-7B02-0A14-FB51AA1E45AE}.Template|Win32.Build.0 = Template|Win32
	EndGlobalSection
	GlobalSection(SolutionProperties) = preSolution
		HideSolutionNode = FALSE
	EndGlobalSection
EndGlobal
