<?xml version="1.0" encoding="utf-8"?>
<Project ToolsVersion="4.0" xmlns="http://schemas.microsoft.com/developer/msbuild/2003">
  <ItemGroup>
    <Filter Include="源文件">
      <UniqueIdentifier>{4FC737F1-C7A5-4376-A066-2A32D752A2FF}</UniqueIdentifier>
      <Extensions>cpp;c;cc;cxx;c++;cppm;ixx;def;odl;idl;hpj;bat;asm;asmx</Extensions>
    </Filter>
    <Filter Include="头文件">
      <UniqueIdentifier>{93995380-89BD-4b04-88EB-625FBE52EBFB}</UniqueIdentifier>
      <Extensions>h;hh;hpp;hxx;h++;hm;inl;inc;ipp;xsd</Extensions>
    </Filter>
    <Filter Include="资源文件">
      <UniqueIdentifier>{67DA6AB6-F800-4c08-8B7A-83BB121AAD01}</UniqueIdentifier>
      <Extensions>rc;ico;cur;bmp;dlg;rc2;rct;bin;rgs;gif;jpg;jpeg;jpe;resx;tiff;tif;png;wav;mfcribbon-ms</Extensions>
    </Filter>
  </ItemGroup>
  <ItemGroup>
    <ClCompile Include="..\..\..\base\bpc\bpc.cpp">
      <Filter>源文件</Filter>
    </ClCompile>
    <ClCompile Include="..\..\..\base\bpc\BpcRun.cpp">
      <Filter>源文件</Filter>
    </ClCompile>
    <ClCompile Include="..\..\..\base\bpc\DispathThread.cpp">
      <Filter>源文件</Filter>
    </ClCompile>
    <ClCompile Include="..\..\..\base\bpc\FuncTbl.cpp">
      <Filter>源文件</Filter>
    </ClCompile>
    <ClCompile Include="..\..\..\base\bpc\GResource.cpp">
      <Filter>源文件</Filter>
    </ClCompile>
    <ClCompile Include="..\..\..\base\bpc\LinkThread.cpp">
      <Filter>源文件</Filter>
    </ClCompile>
    <ClCompile Include="..\..\..\base\bpc\MsgThread.cpp">
      <Filter>源文件</Filter>
    </ClCompile>
    <ClCompile Include="..\..\..\base\bpc\NextTbl.cpp">
      <Filter>源文件</Filter>
    </ClCompile>
    <ClCompile Include="..\..\..\base\bpc\PoolData.cpp">
      <Filter>源文件</Filter>
    </ClCompile>
    <ClCompile Include="..\..\..\base\bpc\PuThread.cpp">
      <Filter>源文件</Filter>
    </ClCompile>
    <ClCompile Include="..\..\..\base\bpc\SendQueue.cpp">
      <Filter>源文件</Filter>
    </ClCompile>
    <ClCompile Include="..\..\..\base\bpc\SocketInfo.cpp">
      <Filter>源文件</Filter>
    </ClCompile>
    <ClCompile Include="..\..\..\base\bpc\SocketMgr.cpp">
      <Filter>源文件</Filter>
    </ClCompile>
    <ClCompile Include="..\..\..\base\bpc\DrebMsgThread.cpp">
      <Filter>源文件</Filter>
    </ClCompile>
    <ClCompile Include="..\..\..\base\bpc\Bpc_Timer.cpp">
      <Filter>源文件</Filter>
    </ClCompile>
  </ItemGroup>
  <ItemGroup>
    <ClInclude Include="..\..\..\base\bpc\BpcRun.h">
      <Filter>头文件</Filter>
    </ClInclude>
    <ClInclude Include="..\..\..\base\bpc\DispathThread.h">
      <Filter>头文件</Filter>
    </ClInclude>
    <ClInclude Include="..\..\..\base\bpc\FuncTbl.h">
      <Filter>头文件</Filter>
    </ClInclude>
    <ClInclude Include="..\..\..\base\bpc\GResource.h">
      <Filter>头文件</Filter>
    </ClInclude>
    <ClInclude Include="..\..\..\base\bpc\LinkThread.h">
      <Filter>头文件</Filter>
    </ClInclude>
    <ClInclude Include="..\..\..\base\bpc\MsgThread.h">
      <Filter>头文件</Filter>
    </ClInclude>
    <ClInclude Include="..\..\..\base\bpc\NextTbl.h">
      <Filter>头文件</Filter>
    </ClInclude>
    <ClInclude Include="..\..\..\base\bpc\PuThread.h">
      <Filter>头文件</Filter>
    </ClInclude>
    <ClInclude Include="..\..\..\base\bpc\SendQueue.h">
      <Filter>头文件</Filter>
    </ClInclude>
    <ClInclude Include="..\..\..\base\bpc\SocketInfo.h">
      <Filter>头文件</Filter>
    </ClInclude>
    <ClInclude Include="..\..\..\base\bpc\SocketMgr.h">
      <Filter>头文件</Filter>
    </ClInclude>
    <ClInclude Include="..\..\..\base\bpc\DrebMsgThread.h">
      <Filter>头文件</Filter>
    </ClInclude>
    <ClInclude Include="..\..\..\base\bpc\Bpc_Timer.h">
      <Filter>头文件</Filter>
    </ClInclude>
  </ItemGroup>
</Project>