
Microsoft Visual Studio Solution File, Format Version 12.00
# Visual Studio Version 16
VisualStudioVersion = 16.0.31321.278
MinimumVisualStudioVersion = 10.0.40219.1
Project("{8BC9CEB8-8B4A-11D0-8D11-00A0C91BC942}") = "testfront", "testfront.vcxproj", "{93867741-0578-44C1-A175-140A6A1DBD20}"
EndProject
Global
	GlobalSection(SolutionConfigurationPlatforms) = preSolution
		Debug|x64 = Debug|x64
		Debug|x86 = Debug|x86
		Release|x64 = Release|x64
		Release|x86 = Release|x86
	EndGlobalSection
	GlobalSection(ProjectConfigurationPlatforms) = postSolution
		{93867741-0578-44C1-A175-140A6A1DBD20}.Debug|x64.ActiveCfg = Template|x64
		{93867741-0578-44C1-A175-140A6A1DBD20}.Debug|x64.Build.0 = Template|x64
		{93867741-0578-44C1-A175-140A6A1DBD20}.Debug|x86.ActiveCfg = Debug|Win32
		{93867741-0578-44C1-A175-140A6A1DBD20}.Debug|x86.Build.0 = Debug|Win32
		{93867741-0578-44C1-A175-140A6A1DBD20}.Release|x64.ActiveCfg = Release|x64
		{93867741-0578-44C1-A175-140A6A1DBD20}.Release|x64.Build.0 = Release|x64
		{93867741-0578-44C1-A175-140A6A1DBD20}.Release|x86.ActiveCfg = Release|Win32
		{93867741-0578-44C1-A175-140A6A1DBD20}.Release|x86.Build.0 = Release|Win32
	EndGlobalSection
	GlobalSection(SolutionProperties) = preSolution
		HideSolutionNode = FALSE
	EndGlobalSection
	GlobalSection(ExtensibilityGlobals) = postSolution
		SolutionGuid = {C6D05CF7-ADA6-43BA-872F-9BB4E7AD19A1}
	EndGlobalSection
EndGlobal
