<?xml version="1.0" encoding="utf-8"?>
<Project ToolsVersion="4.0" xmlns="http://schemas.microsoft.com/developer/msbuild/2003">
  <ItemGroup>
    <Filter Include="源文件">
      <UniqueIdentifier>{4FC737F1-C7A5-4376-A066-2A32D752A2FF}</UniqueIdentifier>
      <Extensions>cpp;c;cc;cxx;c++;cppm;ixx;def;odl;idl;hpj;bat;asm;asmx</Extensions>
    </Filter>
    <Filter Include="头文件">
      <UniqueIdentifier>{93995380-89BD-4b04-88EB-625FBE52EBFB}</UniqueIdentifier>
      <Extensions>h;hh;hpp;hxx;h++;hm;inl;inc;ipp;xsd</Extensions>
    </Filter>
    <Filter Include="资源文件">
      <UniqueIdentifier>{67DA6AB6-F800-4c08-8B7A-83BB121AAD01}</UniqueIdentifier>
      <Extensions>rc;ico;cur;bmp;dlg;rc2;rct;bin;rgs;gif;jpg;jpeg;jpe;resx;tiff;tif;png;wav;mfcribbon-ms</Extensions>
    </Filter>
  </ItemGroup>
  <ItemGroup>
    <ClInclude Include="..\..\..\..\include\xml\attribute.h">
      <Filter>头文件</Filter>
    </ClInclude>
    <ClInclude Include="..\..\..\..\include\xml\node.h">
      <Filter>头文件</Filter>
    </ClInclude>
    <ClInclude Include="..\..\..\..\include\xml\xml.h">
      <Filter>头文件</Filter>
    </ClInclude>
    <ClInclude Include="..\..\..\..\include\xml\xmlanalysis.h">
      <Filter>头文件</Filter>
    </ClInclude>
    <ClInclude Include="..\..\..\..\include\xml\XmlPack.h">
      <Filter>头文件</Filter>
    </ClInclude>
    <ClInclude Include="..\..\..\..\include\xml\XmlPackArray.h">
      <Filter>头文件</Filter>
    </ClInclude>
  </ItemGroup>
  <ItemGroup>
    <ClCompile Include="..\..\..\base\xml\attribute.cpp">
      <Filter>源文件</Filter>
    </ClCompile>
    <ClCompile Include="..\..\..\base\xml\node.cpp">
      <Filter>源文件</Filter>
    </ClCompile>
    <ClCompile Include="..\..\..\base\xml\xml.cpp">
      <Filter>源文件</Filter>
    </ClCompile>
    <ClCompile Include="..\..\..\base\xml\xmlanalysis.cpp">
      <Filter>源文件</Filter>
    </ClCompile>
    <ClCompile Include="..\..\..\base\xml\XmlPack.cpp">
      <Filter>源文件</Filter>
    </ClCompile>
    <ClCompile Include="..\..\..\base\xml\XmlPackArray.cpp">
      <Filter>源文件</Filter>
    </ClCompile>
  </ItemGroup>
  <ItemGroup>
    <None Include="..\..\..\base\xml\codescan.sh">
      <Filter>源文件</Filter>
    </None>
    <None Include="..\..\..\base\xml\Makefile">
      <Filter>源文件</Filter>
    </None>
    <None Include="..\..\..\base\xml\mk.aix">
      <Filter>源文件</Filter>
    </None>
    <None Include="..\..\..\base\xml\mk.aix64">
      <Filter>源文件</Filter>
    </None>
    <None Include="..\..\..\base\xml\mk.hpgcc">
      <Filter>源文件</Filter>
    </None>
    <None Include="..\..\..\base\xml\mk.hpgcc64">
      <Filter>源文件</Filter>
    </None>
    <None Include="..\..\..\base\xml\mk.linux">
      <Filter>源文件</Filter>
    </None>
    <None Include="..\..\..\base\xml\mk.linux64">
      <Filter>源文件</Filter>
    </None>
    <None Include="..\..\..\base\xml\mk.vac">
      <Filter>源文件</Filter>
    </None>
  </ItemGroup>
</Project>